
Microsoft Visual Studio Solution File, Format Version 12.00
# Visual Studio 15
VisualStudioVersion = 15.0.27703.2000
MinimumVisualStudioVersion = 10.0.40219.1
Project("{FAE04EC0-301F-11D3-BF4B-00C04F79EFBC}") = "WebApplication2", "..\..\Users\sanka\source\repos\WebApplication2\WebApplication2.csproj", "{2DC341CD-A55F-46A4-B81E-3BCFB65E273D}"
EndProject
Global
	GlobalSection(SolutionConfigurationPlatforms) = preSolution
		Debug|Any CPU = Debug|Any CPU
		Release|Any CPU = Release|Any CPU
	EndGlobalSection
	GlobalSection(ProjectConfigurationPlatforms) = postSolution
		{2DC341CD-A55F-46A4-B81E-3BCFB65E273D}.Debug|Any CPU.ActiveCfg = Debug|Any CPU
		{2DC341CD-A55F-46A4-B81E-3BCFB65E273D}.Debug|Any CPU.Build.0 = Debug|Any CPU
		{2DC341CD-A55F-46A4-B81E-3BCFB65E273D}.Release|Any CPU.ActiveCfg = Release|Any CPU
		{2DC341CD-A55F-46A4-B81E-3BCFB65E273D}.Release|Any CPU.Build.0 = Release|Any CPU
	EndGlobalSection
	GlobalSection(SolutionProperties) = preSolution
		HideSolutionNode = FALSE
	EndGlobalSection
	GlobalSection(ExtensibilityGlobals) = postSolution
		SolutionGuid = {02CF78D2-7FC1-4680-8A07-16C1842D6C89}
	EndGlobalSection
EndGlobal
